# Generated by buf. DO NOT EDIT.
version: v1
deps:
  - remote: buf.build
    owner: agynio
    repository: api
    commit: 004394cbfdfd4e8c91ba012c8aef3dd7
    digest: shake256:262dbe47390db6af7b3f81133e83a204e9698c34c440bdd16e8ef517af069cf47012850a5c1ee4897d15649ff3cecbef085b2078b4d2bbc1b4ab7e21776224d1
  - remote: buf.build
    owner: opentelemetry
    repository: opentelemetry
    commit: 5f2c7d4f740541589805e0816dad4bb0
    digest: shake256:1a1c76b9fb39277f441fa81273e5132e2856558fd52b04e3ea69051f6ecdb5293e35c8915ec7e20507bba9d4bb6b0ba9a1408062fa63dd7f09db015ad06736ab
